
Microsoft Visual Studio Solution File, Format Version 12.00
# Visual Studio 15
VisualStudioVersion = 15.0.27703.2047
MinimumVisualStudioVersion = 10.0.40219.1
Project("{FAE04EC0-301F-11D3-BF4B-00C04F79EFBC}") = "Asp.UpgradeTest", "Asp.UpgradeTest\Asp.UpgradeTest.csproj", "{3A395ADC-2F1B-411A-BE01-2C4F13CD7E36}"
EndProject
Project("{FAE04EC0-301F-11D3-BF4B-00C04F79EFBC}") = "Asp.UpgradeTest.Client", "Asp.UpgradeTest.Client\Asp.UpgradeTest.Client.csproj", "{B287E7D3-0822-42DE-8C40-E529194B911B}"
EndProject
Global
	GlobalSection(SolutionConfigurationPlatforms) = preSolution
		Debug|Any CPU = Debug|Any CPU
		Release|Any CPU = Release|Any CPU
	EndGlobalSection
	GlobalSection(ProjectConfigurationPlatforms) = postSolution
		{3A395ADC-2F1B-411A-BE01-2C4F13CD7E36}.Debug|Any CPU.ActiveCfg = Debug|Any CPU
		{3A395ADC-2F1B-411A-BE01-2C4F13CD7E36}.Debug|Any CPU.Build.0 = Debug|Any CPU
		{3A395ADC-2F1B-411A-BE01-2C4F13CD7E36}.Release|Any CPU.ActiveCfg = Release|Any CPU
		{3A395ADC-2F1B-411A-BE01-2C4F13CD7E36}.Release|Any CPU.Build.0 = Release|Any CPU
		{B287E7D3-0822-42DE-8C40-E529194B911B}.Debug|Any CPU.ActiveCfg = Debug|Any CPU
		{B287E7D3-0822-42DE-8C40-E529194B911B}.Debug|Any CPU.Build.0 = Debug|Any CPU
		{B287E7D3-0822-42DE-8C40-E529194B911B}.Release|Any CPU.ActiveCfg = Release|Any CPU
		{B287E7D3-0822-42DE-8C40-E529194B911B}.Release|Any CPU.Build.0 = Release|Any CPU
	EndGlobalSection
	GlobalSection(SolutionProperties) = preSolution
		HideSolutionNode = FALSE
	EndGlobalSection
	GlobalSection(ExtensibilityGlobals) = postSolution
		SolutionGuid = {A754E5D8-B56A-46D4-8E9C-B053A8DAEB97}
	EndGlobalSection
EndGlobal
